# This file is generated by running "yarn install" inside your project.
# Manual changes might be lost - proceed with caution!

__metadata:
  version: 8
  cacheKey: 10

"@babel/helper-string-parser@npm:^7.27.1":
  version: 7.27.1
  resolution: "@babel/helper-string-parser@npm:7.27.1"
  checksum: 10/0ae29cc2005084abdae2966afdb86ed14d41c9c37db02c3693d5022fba9f5d59b011d039380b8e537c34daf117c549f52b452398f576e908fb9db3c7abbb3a00
  languageName: node
  linkType: hard

"@babel/helper-validator-identifier@npm:^7.27.1":
  version: 7.27.1
  resolution: "@babel/helper-validator-identifier@npm:7.27.1"
  checksum: 10/75041904d21bdc0cd3b07a8ac90b11d64cd3c881e89cb936fa80edd734bf23c35e6bd1312611e8574c4eab1f3af0f63e8a5894f4699e9cfdf70c06fcf4252320
  languageName: node
  linkType: hard

"@babel/parser@npm:^7.27.2":
  version: 7.27.4
  resolution: "@babel/parser@npm:7.27.4"
  dependencies:
    "@babel/types": "npm:^7.27.3"
  bin:
    parser: ./bin/babel-parser.js
  checksum: 10/5ff6db87fd17de99792bf9a54480feeb069fc90ffa64ce96524c7437222549c86dde10fc1c945d4e9a94f3f2fc6ee4b3e1cfaf372f844bd054791e30089e92cf
  languageName: node
  linkType: hard

"@babel/types@npm:^7.27.3":
  version: 7.27.3
  resolution: "@babel/types@npm:7.27.3"
  dependencies:
    "@babel/helper-string-parser": "npm:^7.27.1"
    "@babel/helper-validator-identifier": "npm:^7.27.1"
  checksum: 10/a24e6accd85c4747b974b3d68a3210d0aa1180c1a77b287ffcb7401cd2edad7bdecadaeb40fe5191be3990c3a5252943f7de7c09da13ed269adbb054b97056ee
  languageName: node
  linkType: hard

"@jridgewell/sourcemap-codec@npm:^1.5.0":
  version: 1.5.0
  resolution: "@jridgewell/sourcemap-codec@npm:1.5.0"
  checksum: 10/4ed6123217569a1484419ac53f6ea0d9f3b57e5b57ab30d7c267bdb27792a27eb0e4b08e84a2680aa55cc2f2b411ffd6ec3db01c44fdc6dc43aca4b55f8374fd
  languageName: node
  linkType: hard

"@vue/compiler-core@npm:3.5.16":
  version: 3.5.16
  resolution: "@vue/compiler-core@npm:3.5.16"
  dependencies:
    "@babel/parser": "npm:^7.27.2"
    "@vue/shared": "npm:3.5.16"
    entities: "npm:^4.5.0"
    estree-walker: "npm:^2.0.2"
    source-map-js: "npm:^1.2.1"
  checksum: 10/1abca0b0d61b221d2c51f0d20233773057a4a160e15499ade5344d27b4b27c711c7959266f7eaca9f7b10ab2948a171c8ee2174b7b1fdf253a077f4d67983aa9
  languageName: node
  linkType: hard

"@vue/compiler-dom@npm:3.5.16":
  version: 3.5.16
  resolution: "@vue/compiler-dom@npm:3.5.16"
  dependencies:
    "@vue/compiler-core": "npm:3.5.16"
    "@vue/shared": "npm:3.5.16"
  checksum: 10/f65e1ea007dd7a12bcd11dce2e3640db503d663bfd034dcb8c016be5982b8934b4b540f2c80a175f76ddb1fdebeefbe25fd52a8ce232c309a463caa6fe386f7b
  languageName: node
  linkType: hard

"@vue/compiler-sfc@npm:3.5.16":
  version: 3.5.16
  resolution: "@vue/compiler-sfc@npm:3.5.16"
  dependencies:
    "@babel/parser": "npm:^7.27.2"
    "@vue/compiler-core": "npm:3.5.16"
    "@vue/compiler-dom": "npm:3.5.16"
    "@vue/compiler-ssr": "npm:3.5.16"
    "@vue/shared": "npm:3.5.16"
    estree-walker: "npm:^2.0.2"
    magic-string: "npm:^0.30.17"
    postcss: "npm:^8.5.3"
    source-map-js: "npm:^1.2.1"
  checksum: 10/7a03003369f09d12df320b920da183dfccf3ef04cc1e2ca8a0eaf73b5e2c0afefc6ad1be7e78da309e9d76ea43fe4d166923bda4d634ff5f14e71058ec3763ef
  languageName: node
  linkType: hard

"@vue/compiler-ssr@npm:3.5.16":
  version: 3.5.16
  resolution: "@vue/compiler-ssr@npm:3.5.16"
  dependencies:
    "@vue/compiler-dom": "npm:3.5.16"
    "@vue/shared": "npm:3.5.16"
  checksum: 10/96bd3b399f044194d0229d184697c4e76763db24fd6b7d40b97e58e60096d8685f5995cdc0b847f6969961e2b81fecc8dbed67bf712c6ed635749eb74094525c
  languageName: node
  linkType: hard

"@vue/reactivity@npm:3.5.16":
  version: 3.5.16
  resolution: "@vue/reactivity@npm:3.5.16"
  dependencies:
    "@vue/shared": "npm:3.5.16"
  checksum: 10/fde00a4044a1c4e63f8918b3590e80fe73ddcc5dd78cac87ac78c3ea7b2b218d71dbf0c2a4286e496724f366c8747a35d8b7a52f82ed533e87877c1021951f7d
  languageName: node
  linkType: hard

"@vue/runtime-core@npm:3.5.16":
  version: 3.5.16
  resolution: "@vue/runtime-core@npm:3.5.16"
  dependencies:
    "@vue/reactivity": "npm:3.5.16"
    "@vue/shared": "npm:3.5.16"
  checksum: 10/9228d350af0a7b2211f7543d799bf3ec8692e579b14bea0b8547565292f3c79542f217f8f66f1ba9c9c86e1c9a5c236f54a6e93ebd03e9b7d77b6e9c671347cc
  languageName: node
  linkType: hard

"@vue/runtime-dom@npm:3.5.16":
  version: 3.5.16
  resolution: "@vue/runtime-dom@npm:3.5.16"
  dependencies:
    "@vue/reactivity": "npm:3.5.16"
    "@vue/runtime-core": "npm:3.5.16"
    "@vue/shared": "npm:3.5.16"
    csstype: "npm:^3.1.3"
  checksum: 10/9c883f95555351c1d392f33ffc2210ae6578596472f49358f36ea91cd6a5e4577cbd3b0345c63b1e915d7dba2c81fdc58492091325402bea01b3929fbcbd31a4
  languageName: node
  linkType: hard

"@vue/server-renderer@npm:3.5.16":
  version: 3.5.16
  resolution: "@vue/server-renderer@npm:3.5.16"
  dependencies:
    "@vue/compiler-ssr": "npm:3.5.16"
    "@vue/shared": "npm:3.5.16"
  peerDependencies:
    vue: 3.5.16
  checksum: 10/1100bce245872b82e5f0015ca4ef2e1ce7dc0a36cc4757b6835ed3eca3bf27548b2486da972ee408fffc33fbc85cf2cc9e0b6322af09bd1d995cb3a4ac79d7f1
  languageName: node
  linkType: hard

"@vue/shared@npm:3.5.16":
  version: 3.5.16
  resolution: "@vue/shared@npm:3.5.16"
  checksum: 10/f0ba483cbb640028cf5fa5c8333c444771ad93ba42d878fe14b444820879227440ba46213ee16685e289c39a78022082706fbc3d5cceb3cee3b68e4c1ce66dd2
  languageName: node
  linkType: hard

"csstype@npm:^3.1.3":
  version: 3.1.3
  resolution: "csstype@npm:3.1.3"
  checksum: 10/f593cce41ff5ade23f44e77521e3a1bcc2c64107041e1bf6c3c32adc5187d0d60983292fda326154d20b01079e24931aa5b08e4467cc488b60bb1e7f6d478ade
  languageName: node
  linkType: hard

"entities@npm:^4.5.0":
  version: 4.5.0
  resolution: "entities@npm:4.5.0"
  checksum: 10/ede2a35c9bce1aeccd055a1b445d41c75a14a2bb1cd22e242f20cf04d236cdcd7f9c859eb83f76885327bfae0c25bf03303665ee1ce3d47c5927b98b0e3e3d48
  languageName: node
  linkType: hard

"estree-walker@npm:^2.0.2":
  version: 2.0.2
  resolution: "estree-walker@npm:2.0.2"
  checksum: 10/b02109c5d46bc2ed47de4990eef770f7457b1159a229f0999a09224d2b85ffeed2d7679cffcff90aeb4448e94b0168feb5265b209cdec29aad50a3d6e93d21e2
  languageName: node
  linkType: hard

"magic-string@npm:^0.30.17":
  version: 0.30.17
  resolution: "magic-string@npm:0.30.17"
  dependencies:
    "@jridgewell/sourcemap-codec": "npm:^1.5.0"
  checksum: 10/2f71af2b0afd78c2e9012a29b066d2c8ba45a9cd0c8070f7fd72de982fb1c403b4e3afdb1dae00691d56885ede66b772ef6bedf765e02e3a7066208fe2fec4aa
  languageName: node
  linkType: hard

"nanoid@npm:^3.3.11":
  version: 3.3.11
  resolution: "nanoid@npm:3.3.11"
  bin:
    nanoid: bin/nanoid.cjs
  checksum: 10/73b5afe5975a307aaa3c95dfe3334c52cdf9ae71518176895229b8d65ab0d1c0417dd081426134eb7571c055720428ea5d57c645138161e7d10df80815527c48
  languageName: node
  linkType: hard

"picocolors@npm:^1.1.1":
  version: 1.1.1
  resolution: "picocolors@npm:1.1.1"
  checksum: 10/e1cf46bf84886c79055fdfa9dcb3e4711ad259949e3565154b004b260cd356c5d54b31a1437ce9782624bf766272fe6b0154f5f0c744fb7af5d454d2b60db045
  languageName: node
  linkType: hard

"postcss@npm:^8.5.3":
  version: 8.5.4
  resolution: "postcss@npm:8.5.4"
  dependencies:
    nanoid: "npm:^3.3.11"
    picocolors: "npm:^1.1.1"
    source-map-js: "npm:^1.2.1"
  checksum: 10/b037b55182aa3aa2f7c4ffb0f37518b35855bb0107222cc46e1b6fa13a4462cb2747d88d3bf66640e7cad20f465354b18d5eafffd44eba97364683a72a336695
  languageName: node
  linkType: hard

"source-map-js@npm:^1.2.1":
  version: 1.2.1
  resolution: "source-map-js@npm:1.2.1"
  checksum: 10/ff9d8c8bf096d534a5b7707e0382ef827b4dd360a577d3f34d2b9f48e12c9d230b5747974ee7c607f0df65113732711bb701fe9ece3c7edbd43cb2294d707df3
  languageName: node
  linkType: hard

"vue@npm:^3.5.7":
  version: 3.5.16
  resolution: "vue@npm:3.5.16"
  dependencies:
    "@vue/compiler-dom": "npm:3.5.16"
    "@vue/compiler-sfc": "npm:3.5.16"
    "@vue/runtime-dom": "npm:3.5.16"
    "@vue/server-renderer": "npm:3.5.16"
    "@vue/shared": "npm:3.5.16"
  peerDependencies:
    typescript: "*"
  peerDependenciesMeta:
    typescript:
      optional: true
  checksum: 10/2bf231daaa94c0ad7bb6f02f6af12d34c39ca5cde8add4705a45c4f9aee9eb396d18511331861fae4f5a72bbe93ec248ac28e611a566df497de57fb1bc5896d1
  languageName: node
  linkType: hard

"yarn-lock-always-regenerated@workspace:.":
  version: 0.0.0-use.local
  resolution: "yarn-lock-always-regenerated@workspace:."
  dependencies:
    vue: "npm:^3.5.7"
  languageName: unknown
  linkType: soft
