# This file is generated by running "yarn install" inside your project.
# Manual changes might be lost - proceed with caution!

__metadata:
  version: 8
  cacheKey: 10

"@babel/helper-string-parser@npm:^7.27.1":
  version: 7.27.1
  resolution: "@babel/helper-string-parser@npm:7.27.1"
  checksum: 10/0ae29cc2005084abdae2966afdb86ed14d41c9c37db02c3693d5022fba9f5d59b011d039380b8e537c34daf117c549f52b452398f576e908fb9db3c7abbb3a00
  languageName: node
  linkType: hard

"@babel/helper-validator-identifier@npm:^7.27.1":
  version: 7.27.1
  resolution: "@babel/helper-validator-identifier@npm:7.27.1"
  checksum: 10/75041904d21bdc0cd3b07a8ac90b11d64cd3c881e89cb936fa80edd734bf23c35e6bd1312611e8574c4eab1f3af0f63e8a5894f4699e9cfdf70c06fcf4252320
  languageName: node
  linkType: hard

"@babel/parser@npm:^7.27.2":
  version: 7.27.2
  resolution: "@babel/parser@npm:7.27.2"
  dependencies:
    "@babel/types": "npm:^7.27.1"
  bin:
    parser: ./bin/babel-parser.js
  checksum: 10/133b4ccfbc01d4f36b0945937aabff87026c29fda6dcd3c842053a672e50f2487a101a3acd150bbaa2eecd33f3bd35650f95b806567c926f93b2af35c2b615c9
  languageName: node
  linkType: hard

"@babel/types@npm:^7.27.1":
  version: 7.27.1
  resolution: "@babel/types@npm:7.27.1"
  dependencies:
    "@babel/helper-string-parser": "npm:^7.27.1"
    "@babel/helper-validator-identifier": "npm:^7.27.1"
  checksum: 10/81f8ada28c4b29695d7d4c4cbfaa5ec3138ccebbeb26628c7c3cc570fdc84f28967c9e68caf4977d51ff4f4d3159c88857ef278317f84f3515dd65e5b8a74995
  languageName: node
  linkType: hard

"@jridgewell/sourcemap-codec@npm:^1.5.0":
  version: 1.5.0
  resolution: "@jridgewell/sourcemap-codec@npm:1.5.0"
  checksum: 10/4ed6123217569a1484419ac53f6ea0d9f3b57e5b57ab30d7c267bdb27792a27eb0e4b08e84a2680aa55cc2f2b411ffd6ec3db01c44fdc6dc43aca4b55f8374fd
  languageName: node
  linkType: hard

"@vue/compiler-core@npm:3.5.14":
  version: 3.5.14
  resolution: "@vue/compiler-core@npm:3.5.14"
  dependencies:
    "@babel/parser": "npm:^7.27.2"
    "@vue/shared": "npm:3.5.14"
    entities: "npm:^4.5.0"
    estree-walker: "npm:^2.0.2"
    source-map-js: "npm:^1.2.1"
  checksum: 10/074dcdaba83f8c8c36c9e3ffa0f9afcded4b180ff0a0538bd94651afa4a65f4a3a21c6adaef85b62c6e6c12613075b5490ac19709167bb6236b45e859e4031d0
  languageName: node
  linkType: hard

"@vue/compiler-dom@npm:3.5.14":
  version: 3.5.14
  resolution: "@vue/compiler-dom@npm:3.5.14"
  dependencies:
    "@vue/compiler-core": "npm:3.5.14"
    "@vue/shared": "npm:3.5.14"
  checksum: 10/e3b158778c7815679cd85f9948f5aafb4b27ef742fb2cf143d05362b0b0ca160d5c9d4d860528b3d22e49403e3bd11d9586c8e55e6c2d3d71f5f735295e6d96c
  languageName: node
  linkType: hard

"@vue/compiler-sfc@npm:3.5.14":
  version: 3.5.14
  resolution: "@vue/compiler-sfc@npm:3.5.14"
  dependencies:
    "@babel/parser": "npm:^7.27.2"
    "@vue/compiler-core": "npm:3.5.14"
    "@vue/compiler-dom": "npm:3.5.14"
    "@vue/compiler-ssr": "npm:3.5.14"
    "@vue/shared": "npm:3.5.14"
    estree-walker: "npm:^2.0.2"
    magic-string: "npm:^0.30.17"
    postcss: "npm:^8.5.3"
    source-map-js: "npm:^1.2.1"
  checksum: 10/6f6545fb37f0c18eaafa9d8398670ca8cf0c81f93cc475fb2722b8cee37c176146981cb4f0e867844974de05a811905fb807515768dd50c507b017b192caa3ef
  languageName: node
  linkType: hard

"@vue/compiler-ssr@npm:3.5.14":
  version: 3.5.14
  resolution: "@vue/compiler-ssr@npm:3.5.14"
  dependencies:
    "@vue/compiler-dom": "npm:3.5.14"
    "@vue/shared": "npm:3.5.14"
  checksum: 10/60d5282dc27ab0743187b2f42a9e2117613afb93670ac7e0a591e47f79f5bd93aeca262a967cc4113736daea687921b1efdab53ac56bea088955fe4656026941
  languageName: node
  linkType: hard

"@vue/reactivity@npm:3.5.14":
  version: 3.5.14
  resolution: "@vue/reactivity@npm:3.5.14"
  dependencies:
    "@vue/shared": "npm:3.5.14"
  checksum: 10/9c98d3341ba96dd7ad71b87c267ac9f5870b6c51500175d07456cce5425fee14d1442fb0e5bff8d770466e8a2ff04755a3007519ffa082a836a769997fddba25
  languageName: node
  linkType: hard

"@vue/runtime-core@npm:3.5.14":
  version: 3.5.14
  resolution: "@vue/runtime-core@npm:3.5.14"
  dependencies:
    "@vue/reactivity": "npm:3.5.14"
    "@vue/shared": "npm:3.5.14"
  checksum: 10/326fd2ad75dee3bc01d43051b60017043056b2fd8ade7c2174c5d3efcc1e1e07229fb40411765f48e4a93e282188b303408a23d20f09af0e06ae479b08f2754a
  languageName: node
  linkType: hard

"@vue/runtime-dom@npm:3.5.14":
  version: 3.5.14
  resolution: "@vue/runtime-dom@npm:3.5.14"
  dependencies:
    "@vue/reactivity": "npm:3.5.14"
    "@vue/runtime-core": "npm:3.5.14"
    "@vue/shared": "npm:3.5.14"
    csstype: "npm:^3.1.3"
  checksum: 10/caa6f433c5ef1234153873e215e7000ca7302ad886a99c03108213c42e0a5608938e01ed332c305c17095adb20c2ddfac9743480f3cc08430da0ce761384980d
  languageName: node
  linkType: hard

"@vue/server-renderer@npm:3.5.14":
  version: 3.5.14
  resolution: "@vue/server-renderer@npm:3.5.14"
  dependencies:
    "@vue/compiler-ssr": "npm:3.5.14"
    "@vue/shared": "npm:3.5.14"
  peerDependencies:
    vue: 3.5.14
  checksum: 10/6ba4dfadf776306ae5d596f54e8febe8301d0bd750940178a107738de2b33917976da84349f8cabdc4bef60e7c92f93c7c4a011a65852574eb4844d08781bd42
  languageName: node
  linkType: hard

"@vue/shared@npm:3.5.14":
  version: 3.5.14
  resolution: "@vue/shared@npm:3.5.14"
  checksum: 10/9bd0103f92202894745c4cf52a71bdbf85c60a39906577e476717d434a0dfc78b01f3977b2538820dd71f4088fcee09aaa32a613066c06035be88846cbee7277
  languageName: node
  linkType: hard

"csstype@npm:^3.1.3":
  version: 3.1.3
  resolution: "csstype@npm:3.1.3"
  checksum: 10/f593cce41ff5ade23f44e77521e3a1bcc2c64107041e1bf6c3c32adc5187d0d60983292fda326154d20b01079e24931aa5b08e4467cc488b60bb1e7f6d478ade
  languageName: node
  linkType: hard

"entities@npm:^4.5.0":
  version: 4.5.0
  resolution: "entities@npm:4.5.0"
  checksum: 10/ede2a35c9bce1aeccd055a1b445d41c75a14a2bb1cd22e242f20cf04d236cdcd7f9c859eb83f76885327bfae0c25bf03303665ee1ce3d47c5927b98b0e3e3d48
  languageName: node
  linkType: hard

"estree-walker@npm:^2.0.2":
  version: 2.0.2
  resolution: "estree-walker@npm:2.0.2"
  checksum: 10/b02109c5d46bc2ed47de4990eef770f7457b1159a229f0999a09224d2b85ffeed2d7679cffcff90aeb4448e94b0168feb5265b209cdec29aad50a3d6e93d21e2
  languageName: node
  linkType: hard

"magic-string@npm:^0.30.17":
  version: 0.30.17
  resolution: "magic-string@npm:0.30.17"
  dependencies:
    "@jridgewell/sourcemap-codec": "npm:^1.5.0"
  checksum: 10/2f71af2b0afd78c2e9012a29b066d2c8ba45a9cd0c8070f7fd72de982fb1c403b4e3afdb1dae00691d56885ede66b772ef6bedf765e02e3a7066208fe2fec4aa
  languageName: node
  linkType: hard

"nanoid@npm:^3.3.8":
  version: 3.3.11
  resolution: "nanoid@npm:3.3.11"
  bin:
    nanoid: bin/nanoid.cjs
  checksum: 10/73b5afe5975a307aaa3c95dfe3334c52cdf9ae71518176895229b8d65ab0d1c0417dd081426134eb7571c055720428ea5d57c645138161e7d10df80815527c48
  languageName: node
  linkType: hard

"picocolors@npm:^1.1.1":
  version: 1.1.1
  resolution: "picocolors@npm:1.1.1"
  checksum: 10/e1cf46bf84886c79055fdfa9dcb3e4711ad259949e3565154b004b260cd356c5d54b31a1437ce9782624bf766272fe6b0154f5f0c744fb7af5d454d2b60db045
  languageName: node
  linkType: hard

"postcss@npm:^8.5.3":
  version: 8.5.3
  resolution: "postcss@npm:8.5.3"
  dependencies:
    nanoid: "npm:^3.3.8"
    picocolors: "npm:^1.1.1"
    source-map-js: "npm:^1.2.1"
  checksum: 10/6d7e21a772e8b05bf102636918654dac097bac013f0dc8346b72ac3604fc16829646f94ea862acccd8f82e910b00e2c11c1f0ea276543565d278c7ca35516a7c
  languageName: node
  linkType: hard

"source-map-js@npm:^1.2.1":
  version: 1.2.1
  resolution: "source-map-js@npm:1.2.1"
  checksum: 10/ff9d8c8bf096d534a5b7707e0382ef827b4dd360a577d3f34d2b9f48e12c9d230b5747974ee7c607f0df65113732711bb701fe9ece3c7edbd43cb2294d707df3
  languageName: node
  linkType: hard

"vue@npm:^3.5.7":
  version: 3.5.14
  resolution: "vue@npm:3.5.14"
  dependencies:
    "@vue/compiler-dom": "npm:3.5.14"
    "@vue/compiler-sfc": "npm:3.5.14"
    "@vue/runtime-dom": "npm:3.5.14"
    "@vue/server-renderer": "npm:3.5.14"
    "@vue/shared": "npm:3.5.14"
  peerDependencies:
    typescript: "*"
  peerDependenciesMeta:
    typescript:
      optional: true
  checksum: 10/d317b4f000965fc1b15725bc5a7f9c21aceac1fb673b0e4ebd4c14a96af98b6b795daaae6f5199d7205bf7fa40dbf456ff36f039b56be03bc042d52d87d937c4
  languageName: node
  linkType: hard

"yarn-lock-always-regenerated@workspace:.":
  version: 0.0.0-use.local
  resolution: "yarn-lock-always-regenerated@workspace:."
  dependencies:
    vue: "npm:^3.5.7"
  languageName: unknown
  linkType: soft
